// !$*UTF8*$!
{
	archiveVersion = 1;
	classes = {
	};
	objectVersion = 52;
	objects = {

/* Begin PBXBuildFile section */
		A81517162672039A00041269 /* Dots.ttf in CopyFiles */ = {isa = PBXBuildFile; fileRef = A81517142672034300041269 /* Dots.ttf */; };
		A81517172672039A00041269 /* Segments.ttf in CopyFiles */ = {isa = PBXBuildFile; fileRef = A81517152672037500041269 /* Segments.ttf */; };
		A815171A26738F4600041269 /* Button.wav in Resources */ = {isa = PBXBuildFile; fileRef = A815171926738F4600041269 /* Button.wav */; };
		A83DB0E6266BAD5400C1E91D /* AppDelegate.swift in Sources */ = {isa = PBXBuildFile; fileRef = A83DB0E5266BAD5400C1E91D /* AppDelegate.swift */; };
		A83DB0E8266BAD5400C1E91D /* ViewController.swift in Sources */ = {isa = PBXBuildFile; fileRef = A83DB0E7266BAD5400C1E91D /* ViewController.swift */; };
		A83DB0EA266BAD5400C1E91D /* Assets.xcassets in Resources */ = {isa = PBXBuildFile; fileRef = A83DB0E9266BAD5400C1E91D /* Assets.xcassets */; };
		A83DB0ED266BAD5400C1E91D /* Main.storyboard in Resources */ = {isa = PBXBuildFile; fileRef = A83DB0EB266BAD5400C1E91D /* Main.storyboard */; };
		A83DB0FC266BBB4200C1E91D /* Keys.swift in Sources */ = {isa = PBXBuildFile; fileRef = A83DB0FB266BBB4200C1E91D /* Keys.swift */; };
		A83DB0FF266BC3D400C1E91D /* Axioms.swift in Sources */ = {isa = PBXBuildFile; fileRef = A83DB0FE266BC3D400C1E91D /* Axioms.swift */; };
		A89BB7FC266FEF9800781C3A /* ID3TagEditor in Frameworks */ = {isa = PBXBuildFile; productRef = A89BB7FB266FEF9800781C3A /* ID3TagEditor */; };
		A89DBC12267A709600915EC5 /* ButtonRelease.wav in Resources */ = {isa = PBXBuildFile; fileRef = A89DBC11267A709600915EC5 /* ButtonRelease.wav */; };
		A89DBC15267A709D00915EC5 /* ButtonHold.wav in Resources */ = {isa = PBXBuildFile; fileRef = A89DBC14267A709C00915EC5 /* ButtonHold.wav */; };
		A89DBC18267BABF600915EC5 /* Menu.swift in Sources */ = {isa = PBXBuildFile; fileRef = A89DBC17267BABF600915EC5 /* Menu.swift */; };
/* End PBXBuildFile section */

/* Begin PBXCopyFilesBuildPhase section */
		A89BB7F0266CFB0900781C3A /* CopyFiles */ = {
			isa = PBXCopyFilesBuildPhase;
			buildActionMask = 2147483647;
			dstPath = Fonts;
			dstSubfolderSpec = 7;
			files = (
				A81517162672039A00041269 /* Dots.ttf in CopyFiles */,
				A81517172672039A00041269 /* Segments.ttf in CopyFiles */,
			);
			runOnlyForDeploymentPostprocessing = 0;
		};
/* End PBXCopyFilesBuildPhase section */

/* Begin PBXFileReference section */
		A81517142672034300041269 /* Dots.ttf */ = {isa = PBXFileReference; lastKnownFileType = file; path = Dots.ttf; sourceTree = "<group>"; };
		A81517152672037500041269 /* Segments.ttf */ = {isa = PBXFileReference; lastKnownFileType = file; path = Segments.ttf; sourceTree = "<group>"; };
		A815171926738F4600041269 /* Button.wav */ = {isa = PBXFileReference; lastKnownFileType = audio.wav; path = Button.wav; sourceTree = "<group>"; };
		A83DB0E2266BAD5300C1E91D /* Juno.app */ = {isa = PBXFileReference; explicitFileType = wrapper.application; includeInIndex = 0; path = Juno.app; sourceTree = BUILT_PRODUCTS_DIR; };
		A83DB0E5266BAD5400C1E91D /* AppDelegate.swift */ = {isa = PBXFileReference; lastKnownFileType = sourcecode.swift; path = AppDelegate.swift; sourceTree = "<group>"; };
		A83DB0E7266BAD5400C1E91D /* ViewController.swift */ = {isa = PBXFileReference; lastKnownFileType = sourcecode.swift; path = ViewController.swift; sourceTree = "<group>"; };
		A83DB0E9266BAD5400C1E91D /* Assets.xcassets */ = {isa = PBXFileReference; lastKnownFileType = folder.assetcatalog; path = Assets.xcassets; sourceTree = "<group>"; };
		A83DB0EC266BAD5400C1E91D /* Base */ = {isa = PBXFileReference; lastKnownFileType = file.storyboard; name = Base; path = Base.lproj/Main.storyboard; sourceTree = "<group>"; };
		A83DB0EE266BAD5400C1E91D /* Info.plist */ = {isa = PBXFileReference; lastKnownFileType = text.plist.xml; path = Info.plist; sourceTree = "<group>"; };
		A83DB0EF266BAD5400C1E91D /* Juno.entitlements */ = {isa = PBXFileReference; lastKnownFileType = text.plist.entitlements; path = Juno.entitlements; sourceTree = "<group>"; };
		A83DB0FB266BBB4200C1E91D /* Keys.swift */ = {isa = PBXFileReference; lastKnownFileType = sourcecode.swift; path = Keys.swift; sourceTree = "<group>"; };
		A83DB0FE266BC3D400C1E91D /* Axioms.swift */ = {isa = PBXFileReference; lastKnownFileType = sourcecode.swift; path = Axioms.swift; sourceTree = "<group>"; };
		A89DBC11267A709600915EC5 /* ButtonRelease.wav */ = {isa = PBXFileReference; lastKnownFileType = audio.wav; path = ButtonRelease.wav; sourceTree = "<group>"; };
		A89DBC14267A709C00915EC5 /* ButtonHold.wav */ = {isa = PBXFileReference; lastKnownFileType = audio.wav; path = ButtonHold.wav; sourceTree = "<group>"; };
		A89DBC17267BABF600915EC5 /* Menu.swift */ = {isa = PBXFileReference; lastKnownFileType = sourcecode.swift; path = Menu.swift; sourceTree = "<group>"; };
/* End PBXFileReference section */

/* Begin PBXFrameworksBuildPhase section */
		A83DB0DF266BAD5300C1E91D /* Frameworks */ = {
			isa = PBXFrameworksBuildPhase;
			buildActionMask = 2147483647;
			files = (
				A89BB7FC266FEF9800781C3A /* ID3TagEditor in Frameworks */,
			);
			runOnlyForDeploymentPostprocessing = 0;
		};
/* End PBXFrameworksBuildPhase section */

/* Begin PBXGroup section */
		A83DB0D9266BAD5300C1E91D = {
			isa = PBXGroup;
			children = (
				A83DB0E4266BAD5300C1E91D /* Juno */,
				A83DB0E3266BAD5300C1E91D /* Products */,
			);
			sourceTree = "<group>";
		};
		A83DB0E3266BAD5300C1E91D /* Products */ = {
			isa = PBXGroup;
			children = (
				A83DB0E2266BAD5300C1E91D /* Juno.app */,
			);
			name = Products;
			sourceTree = "<group>";
		};
		A83DB0E4266BAD5300C1E91D /* Juno */ = {
			isa = PBXGroup;
			children = (
				A815171926738F4600041269 /* Button.wav */,
				A89DBC14267A709C00915EC5 /* ButtonHold.wav */,
				A89DBC11267A709600915EC5 /* ButtonRelease.wav */,
				A89BB7F2266CFB3200781C3A /* Fonts */,
				A83DB0E5266BAD5400C1E91D /* AppDelegate.swift */,
				A83DB0E7266BAD5400C1E91D /* ViewController.swift */,
				A89DBC17267BABF600915EC5 /* Menu.swift */,
				A83DB0FB266BBB4200C1E91D /* Keys.swift */,
				A83DB0FE266BC3D400C1E91D /* Axioms.swift */,
				A83DB0E9266BAD5400C1E91D /* Assets.xcassets */,
				A83DB0EB266BAD5400C1E91D /* Main.storyboard */,
				A83DB0EE266BAD5400C1E91D /* Info.plist */,
				A83DB0EF266BAD5400C1E91D /* Juno.entitlements */,
			);
			path = Juno;
			sourceTree = "<group>";
		};
		A89BB7F2266CFB3200781C3A /* Fonts */ = {
			isa = PBXGroup;
			children = (
				A81517142672034300041269 /* Dots.ttf */,
				A81517152672037500041269 /* Segments.ttf */,
			);
			path = Fonts;
			sourceTree = "<group>";
		};
/* End PBXGroup section */

/* Begin PBXNativeTarget section */
		A83DB0E1266BAD5300C1E91D /* Juno */ = {
			isa = PBXNativeTarget;
			buildConfigurationList = A83DB0F2266BAD5400C1E91D /* Build configuration list for PBXNativeTarget "Juno" */;
			buildPhases = (
				A83DB0DE266BAD5300C1E91D /* Sources */,
				A83DB0DF266BAD5300C1E91D /* Frameworks */,
				A83DB0E0266BAD5300C1E91D /* Resources */,
				A89BB7F0266CFB0900781C3A /* CopyFiles */,
			);
			buildRules = (
			);
			dependencies = (
			);
			name = Juno;
			packageProductDependencies = (
				A89BB7FB266FEF9800781C3A /* ID3TagEditor */,
			);
			productName = Juno;
			productReference = A83DB0E2266BAD5300C1E91D /* Juno.app */;
			productType = "com.apple.product-type.application";
		};
/* End PBXNativeTarget section */

/* Begin PBXProject section */
		A83DB0DA266BAD5300C1E91D /* Project object */ = {
			isa = PBXProject;
			attributes = {
				LastSwiftUpdateCheck = 1240;
				LastUpgradeCheck = 1240;
				TargetAttributes = {
					A83DB0E1266BAD5300C1E91D = {
						CreatedOnToolsVersion = 12.4;
					};
				};
			};
			buildConfigurationList = A83DB0DD266BAD5300C1E91D /* Build configuration list for PBXProject "Juno" */;
			compatibilityVersion = "Xcode 9.3";
			developmentRegion = en;
			hasScannedForEncodings = 0;
			knownRegions = (
				en,
				Base,
			);
			mainGroup = A83DB0D9266BAD5300C1E91D;
			packageReferences = (
				A89BB7FA266FEF9700781C3A /* XCRemoteSwiftPackageReference "ID3TagEditor" */,
			);
			productRefGroup = A83DB0E3266BAD5300C1E91D /* Products */;
			projectDirPath = "";
			projectRoot = "";
			targets = (
				A83DB0E1266BAD5300C1E91D /* Juno */,
			);
		};
/* End PBXProject section */

/* Begin PBXResourcesBuildPhase section */
		A83DB0E0266BAD5300C1E91D /* Resources */ = {
			isa = PBXResourcesBuildPhase;
			buildActionMask = 2147483647;
			files = (
				A815171A26738F4600041269 /* Button.wav in Resources */,
				A83DB0EA266BAD5400C1E91D /* Assets.xcassets in Resources */,
				A89DBC15267A709D00915EC5 /* ButtonHold.wav in Resources */,
				A89DBC12267A709600915EC5 /* ButtonRelease.wav in Resources */,
				A83DB0ED266BAD5400C1E91D /* Main.storyboard in Resources */,
			);
			runOnlyForDeploymentPostprocessing = 0;
		};
/* End PBXResourcesBuildPhase section */

/* Begin PBXSourcesBuildPhase section */
		A83DB0DE266BAD5300C1E91D /* Sources */ = {
			isa = PBXSourcesBuildPhase;
			buildActionMask = 2147483647;
			files = (
				A83DB0FF266BC3D400C1E91D /* Axioms.swift in Sources */,
				A83DB0E8266BAD5400C1E91D /* ViewController.swift in Sources */,
				A83DB0FC266BBB4200C1E91D /* Keys.swift in Sources */,
				A83DB0E6266BAD5400C1E91D /* AppDelegate.swift in Sources */,
				A89DBC18267BABF600915EC5 /* Menu.swift in Sources */,
			);
			runOnlyForDeploymentPostprocessing = 0;
		};
/* End PBXSourcesBuildPhase section */

/* Begin PBXVariantGroup section */
		A83DB0EB266BAD5400C1E91D /* Main.storyboard */ = {
			isa = PBXVariantGroup;
			children = (
				A83DB0EC266BAD5400C1E91D /* Base */,
			);
			name = Main.storyboard;
			sourceTree = "<group>";
		};
/* End PBXVariantGroup section */

/* Begin XCBuildConfiguration section */
		A83DB0F0266BAD5400C1E91D /* Debug */ = {
			isa = XCBuildConfiguration;
			buildSettings = {
				ALWAYS_SEARCH_USER_PATHS = NO;
				CLANG_ANALYZER_NONNULL = YES;
				CLANG_ANALYZER_NUMBER_OBJECT_CONVERSION = YES_AGGRESSIVE;
				CLANG_CXX_LANGUAGE_STANDARD = "gnu++14";
				CLANG_CXX_LIBRARY = "libc++";
				CLANG_ENABLE_MODULES = YES;
				CLANG_ENABLE_OBJC_ARC = YES;
				CLANG_ENABLE_OBJC_WEAK = YES;
				CLANG_WARN_BLOCK_CAPTURE_AUTORELEASING = YES;
				CLANG_WARN_BOOL_CONVERSION = YES;
				CLANG_WARN_COMMA = YES;
				CLANG_WARN_CONSTANT_CONVERSION = YES;
				CLANG_WARN_DEPRECATED_OBJC_IMPLEMENTATIONS = YES;
				CLANG_WARN_DIRECT_OBJC_ISA_USAGE = YES_ERROR;
				CLANG_WARN_DOCUMENTATION_COMMENTS = YES;
				CLANG_WARN_EMPTY_BODY = YES;
				CLANG_WARN_ENUM_CONVERSION = YES;
				CLANG_WARN_INFINITE_RECURSION = YES;
				CLANG_WARN_INT_CONVERSION = YES;
				CLANG_WARN_NON_LITERAL_NULL_CONVERSION = YES;
				CLANG_WARN_OBJC_IMPLICIT_RETAIN_SELF = YES;
				CLANG_WARN_OBJC_LITERAL_CONVERSION = YES;
				CLANG_WARN_OBJC_ROOT_CLASS = YES_ERROR;
				CLANG_WARN_QUOTED_INCLUDE_IN_FRAMEWORK_HEADER = YES;
				CLANG_WARN_RANGE_LOOP_ANALYSIS = YES;
				CLANG_WARN_STRICT_PROTOTYPES = YES;
				CLANG_WARN_SUSPICIOUS_MOVE = YES;
				CLANG_WARN_UNGUARDED_AVAILABILITY = YES_AGGRESSIVE;
				CLANG_WARN_UNREACHABLE_CODE = YES;
				CLANG_WARN__DUPLICATE_METHOD_MATCH = YES;
				COPY_PHASE_STRIP = NO;
				DEBUG_INFORMATION_FORMAT = dwarf;
				ENABLE_STRICT_OBJC_MSGSEND = YES;
				ENABLE_TESTABILITY = YES;
				GCC_C_LANGUAGE_STANDARD = gnu11;
				GCC_DYNAMIC_NO_PIC = NO;
				GCC_NO_COMMON_BLOCKS = YES;
				GCC_OPTIMIZATION_LEVEL = 0;
				GCC_PREPROCESSOR_DEFINITIONS = (
					"DEBUG=1",
					"$(inherited)",
				);
				GCC_WARN_64_TO_32_BIT_CONVERSION = YES;
				GCC_WARN_ABOUT_RETURN_TYPE = YES_ERROR;
				GCC_WARN_UNDECLARED_SELECTOR = YES;
				GCC_WARN_UNINITIALIZED_AUTOS = YES_AGGRESSIVE;
				GCC_WARN_UNUSED_FUNCTION = YES;
				GCC_WARN_UNUSED_VARIABLE = YES;
				MACOSX_DEPLOYMENT_TARGET = 10.15;
				MTL_ENABLE_DEBUG_INFO = INCLUDE_SOURCE;
				MTL_FAST_MATH = YES;
				ONLY_ACTIVE_ARCH = YES;
				SDKROOT = macosx;
				SWIFT_ACTIVE_COMPILATION_CONDITIONS = DEBUG;
				SWIFT_OPTIMIZATION_LEVEL = "-Onone";
			};
			name = Debug;
		};
		A83DB0F1266BAD5400C1E91D /* Release */ = {
			isa = XCBuildConfiguration;
			buildSettings = {
				ALWAYS_SEARCH_USER_PATHS = NO;
				CLANG_ANALYZER_NONNULL = YES;
				CLANG_ANALYZER_NUMBER_OBJECT_CONVERSION = YES_AGGRESSIVE;
				CLANG_CXX_LANGUAGE_STANDARD = "gnu++14";
				CLANG_CXX_LIBRARY = "libc++";
				CLANG_ENABLE_MODULES = YES;
				CLANG_ENABLE_OBJC_ARC = YES;
				CLANG_ENABLE_OBJC_WEAK = YES;
				CLANG_WARN_BLOCK_CAPTURE_AUTORELEASING = YES;
				CLANG_WARN_BOOL_CONVERSION = YES;
				CLANG_WARN_COMMA = YES;
				CLANG_WARN_CONSTANT_CONVERSION = YES;
				CLANG_WARN_DEPRECATED_OBJC_IMPLEMENTATIONS = YES;
				CLANG_WARN_DIRECT_OBJC_ISA_USAGE = YES_ERROR;
				CLANG_WARN_DOCUMENTATION_COMMENTS = YES;
				CLANG_WARN_EMPTY_BODY = YES;
				CLANG_WARN_ENUM_CONVERSION = YES;
				CLANG_WARN_INFINITE_RECURSION = YES;
				CLANG_WARN_INT_CONVERSION = YES;
				CLANG_WARN_NON_LITERAL_NULL_CONVERSION = YES;
				CLANG_WARN_OBJC_IMPLICIT_RETAIN_SELF = YES;
				CLANG_WARN_OBJC_LITERAL_CONVERSION = YES;
				CLANG_WARN_OBJC_ROOT_CLASS = YES_ERROR;
				CLANG_WARN_QUOTED_INCLUDE_IN_FRAMEWORK_HEADER = YES;
				CLANG_WARN_RANGE_LOOP_ANALYSIS = YES;
				CLANG_WARN_STRICT_PROTOTYPES = YES;
				CLANG_WARN_SUSPICIOUS_MOVE = YES;
				CLANG_WARN_UNGUARDED_AVAILABILITY = YES_AGGRESSIVE;
				CLANG_WARN_UNREACHABLE_CODE = YES;
				CLANG_WARN__DUPLICATE_METHOD_MATCH = YES;
				COPY_PHASE_STRIP = NO;
				DEBUG_INFORMATION_FORMAT = "dwarf-with-dsym";
				ENABLE_NS_ASSERTIONS = NO;
				ENABLE_STRICT_OBJC_MSGSEND = YES;
				GCC_C_LANGUAGE_STANDARD = gnu11;
				GCC_NO_COMMON_BLOCKS = YES;
				GCC_WARN_64_TO_32_BIT_CONVERSION = YES;
				GCC_WARN_ABOUT_RETURN_TYPE = YES_ERROR;
				GCC_WARN_UNDECLARED_SELECTOR = YES;
				GCC_WARN_UNINITIALIZED_AUTOS = YES_AGGRESSIVE;
				GCC_WARN_UNUSED_FUNCTION = YES;
				GCC_WARN_UNUSED_VARIABLE = YES;
				MACOSX_DEPLOYMENT_TARGET = 10.15;
				MTL_ENABLE_DEBUG_INFO = NO;
				MTL_FAST_MATH = YES;
				SDKROOT = macosx;
				SWIFT_COMPILATION_MODE = wholemodule;
				SWIFT_OPTIMIZATION_LEVEL = "-O";
			};
			name = Release;
		};
		A83DB0F3266BAD5400C1E91D /* Debug */ = {
			isa = XCBuildConfiguration;
			buildSettings = {
				ASSETCATALOG_COMPILER_APPICON_NAME = AppIcon;
				ASSETCATALOG_COMPILER_GLOBAL_ACCENT_COLOR_NAME = AccentColor;
				CODE_SIGN_ENTITLEMENTS = Juno/Juno.entitlements;
				CODE_SIGN_STYLE = Automatic;
				COMBINE_HIDPI_IMAGES = YES;
				DEVELOPMENT_TEAM = 9Q6UB3UBW7;
				ENABLE_HARDENED_RUNTIME = NO;
				INFOPLIST_FILE = Juno/Info.plist;
				LD_RUNPATH_SEARCH_PATHS = (
					"$(inherited)",
					"@executable_path/../Frameworks",
				);
				MARKETING_VERSION = "1.0.0-beta";
				PRODUCT_BUNDLE_IDENTIFIER = com.Fetch.Juno;
				PRODUCT_NAME = "$(TARGET_NAME)";
				SWIFT_VERSION = 5.0;
			};
			name = Debug;
		};
		A83DB0F4266BAD5400C1E91D /* Release */ = {
			isa = XCBuildConfiguration;
			buildSettings = {
				ASSETCATALOG_COMPILER_APPICON_NAME = AppIcon;
				ASSETCATALOG_COMPILER_GLOBAL_ACCENT_COLOR_NAME = AccentColor;
				CODE_SIGN_ENTITLEMENTS = Juno/Juno.entitlements;
				CODE_SIGN_STYLE = Automatic;
				COMBINE_HIDPI_IMAGES = YES;
				DEVELOPMENT_TEAM = 9Q6UB3UBW7;
				ENABLE_HARDENED_RUNTIME = NO;
				INFOPLIST_FILE = Juno/Info.plist;
				LD_RUNPATH_SEARCH_PATHS = (
					"$(inherited)",
					"@executable_path/../Frameworks",
				);
				MARKETING_VERSION = "1.0.0-beta";
				PRODUCT_BUNDLE_IDENTIFIER = com.Fetch.Juno;
				PRODUCT_NAME = "$(TARGET_NAME)";
				SWIFT_VERSION = 5.0;
			};
			name = Release;
		};
/* End XCBuildConfiguration section */

/* Begin XCConfigurationList section */
		A83DB0DD266BAD5300C1E91D /* Build configuration list for PBXProject "Juno" */ = {
			isa = XCConfigurationList;
			buildConfigurations = (
				A83DB0F0266BAD5400C1E91D /* Debug */,
				A83DB0F1266BAD5400C1E91D /* Release */,
			);
			defaultConfigurationIsVisible = 0;
			defaultConfigurationName = Release;
		};
		A83DB0F2266BAD5400C1E91D /* Build configuration list for PBXNativeTarget "Juno" */ = {
			isa = XCConfigurationList;
			buildConfigurations = (
				A83DB0F3266BAD5400C1E91D /* Debug */,
				A83DB0F4266BAD5400C1E91D /* Release */,
			);
			defaultConfigurationIsVisible = 0;
			defaultConfigurationName = Release;
		};
/* End XCConfigurationList section */

/* Begin XCRemoteSwiftPackageReference section */
		A89BB7FA266FEF9700781C3A /* XCRemoteSwiftPackageReference "ID3TagEditor" */ = {
			isa = XCRemoteSwiftPackageReference;
			repositoryURL = "https://github.com/chicio/ID3TagEditor";
			requirement = {
				kind = upToNextMajorVersion;
				minimumVersion = 4.1.2;
			};
		};
/* End XCRemoteSwiftPackageReference section */

/* Begin XCSwiftPackageProductDependency section */
		A89BB7FB266FEF9800781C3A /* ID3TagEditor */ = {
			isa = XCSwiftPackageProductDependency;
			package = A89BB7FA266FEF9700781C3A /* XCRemoteSwiftPackageReference "ID3TagEditor" */;
			productName = ID3TagEditor;
		};
/* End XCSwiftPackageProductDependency section */
	};
	rootObject = A83DB0DA266BAD5300C1E91D /* Project object */;
}
